
Microsoft Visual Studio Solution File, Format Version 12.00
# Visual Studio 15
VisualStudioVersion = 15.0.27428.2027
MinimumVisualStudioVersion = 10.0.40219.1
Project("{FAE04EC0-301F-11D3-BF4B-00C04F79EFBC}") = "StockView", "StockView\StockView.csproj", "{E08D8ECC-501D-450C-8550-A87CBB8ED2EA}"
EndProject
Project("{FAE04EC0-301F-11D3-BF4B-00C04F79EFBC}") = "StockViewTest", "StockViewTest\StockViewTest.csproj", "{488148D7-BBAD-421C-A801-D1A288B1353D}"
EndProject
Global
	GlobalSection(SolutionConfigurationPlatforms) = preSolution
		Debug|Any CPU = Debug|Any CPU
		Release|Any CPU = Release|Any CPU
	EndGlobalSection
	GlobalSection(ProjectConfigurationPlatforms) = postSolution
		{E08D8ECC-501D-450C-8550-A87CBB8ED2EA}.Debug|Any CPU.ActiveCfg = Debug|Any CPU
		{E08D8ECC-501D-450C-8550-A87CBB8ED2EA}.Debug|Any CPU.Build.0 = Debug|Any CPU
		{E08D8ECC-501D-450C-8550-A87CBB8ED2EA}.Release|Any CPU.ActiveCfg = Release|Any CPU
		{E08D8ECC-501D-450C-8550-A87CBB8ED2EA}.Release|Any CPU.Build.0 = Release|Any CPU
		{488148D7-BBAD-421C-A801-D1A288B1353D}.Debug|Any CPU.ActiveCfg = Debug|Any CPU
		{488148D7-BBAD-421C-A801-D1A288B1353D}.Debug|Any CPU.Build.0 = Debug|Any CPU
		{488148D7-BBAD-421C-A801-D1A288B1353D}.Release|Any CPU.ActiveCfg = Release|Any CPU
		{488148D7-BBAD-421C-A801-D1A288B1353D}.Release|Any CPU.Build.0 = Release|Any CPU
	EndGlobalSection
	GlobalSection(SolutionProperties) = preSolution
		HideSolutionNode = FALSE
	EndGlobalSection
	GlobalSection(ExtensibilityGlobals) = postSolution
		SolutionGuid = {04538ED7-B6D0-4918-BB7F-8DE97449A7FB}
	EndGlobalSection
EndGlobal
